
Microsoft Visual Studio Solution File, Format Version 12.00
# Visual Studio Version 17
VisualStudioVersion = 17.11.35303.130
MinimumVisualStudioVersion = 10.0.40219.1
Project("{9A19103F-16F7-4668-BE54-9A1E7A4F7556}") = "NavixCaseStudy.Api", "NavixCaseStudy.Api\NavixCaseStudy.Api.csproj", "{44D768D9-A999-4BDC-91DB-62F9F3D840FE}"
EndProject
Project("{9A19103F-16F7-4668-BE54-9A1E7A4F7556}") = "NavixCaseStudy.CaseStudyApiWrapper", "NavixCaseStudy.CaseStudyApiWrapper\NavixCaseStudy.CaseStudyApiWrapper.csproj", "{B2189B2D-C77F-410B-A33E-EEC669D24568}"
EndProject
Project("{9A19103F-16F7-4668-BE54-9A1E7A4F7556}") = "NavixCaseStudy.Common", "NavixCaseStudy.Common\NavixCaseStudy.Common.csproj", "{77513C8A-D97B-4B5C-97C0-C8AF3626A322}"
EndProject
Global
	GlobalSection(SolutionConfigurationPlatforms) = preSolution
		Debug|Any CPU = Debug|Any CPU
		Release|Any CPU = Release|Any CPU
	EndGlobalSection
	GlobalSection(ProjectConfigurationPlatforms) = postSolution
		{44D768D9-A999-4BDC-91DB-62F9F3D840FE}.Debug|Any CPU.ActiveCfg = Debug|Any CPU
		{44D768D9-A999-4BDC-91DB-62F9F3D840FE}.Debug|Any CPU.Build.0 = Debug|Any CPU
		{44D768D9-A999-4BDC-91DB-62F9F3D840FE}.Release|Any CPU.ActiveCfg = Release|Any CPU
		{44D768D9-A999-4BDC-91DB-62F9F3D840FE}.Release|Any CPU.Build.0 = Release|Any CPU
		{B2189B2D-C77F-410B-A33E-EEC669D24568}.Debug|Any CPU.ActiveCfg = Debug|Any CPU
		{B2189B2D-C77F-410B-A33E-EEC669D24568}.Debug|Any CPU.Build.0 = Debug|Any CPU
		{B2189B2D-C77F-410B-A33E-EEC669D24568}.Release|Any CPU.ActiveCfg = Release|Any CPU
		{B2189B2D-C77F-410B-A33E-EEC669D24568}.Release|Any CPU.Build.0 = Release|Any CPU
		{77513C8A-D97B-4B5C-97C0-C8AF3626A322}.Debug|Any CPU.ActiveCfg = Debug|Any CPU
		{77513C8A-D97B-4B5C-97C0-C8AF3626A322}.Debug|Any CPU.Build.0 = Debug|Any CPU
		{77513C8A-D97B-4B5C-97C0-C8AF3626A322}.Release|Any CPU.ActiveCfg = Release|Any CPU
		{77513C8A-D97B-4B5C-97C0-C8AF3626A322}.Release|Any CPU.Build.0 = Release|Any CPU
	EndGlobalSection
	GlobalSection(SolutionProperties) = preSolution
		HideSolutionNode = FALSE
	EndGlobalSection
	GlobalSection(ExtensibilityGlobals) = postSolution
		SolutionGuid = {3E470939-A619-47E5-A78B-CE8DE679D38F}
	EndGlobalSection
EndGlobal
